// !$*UTF8*$!
{
	archiveVersion = 1;
	classes = {
	};
	objectVersion = 46;
	objects = {

/* Begin PBXBuildFile section */
		F311EB981C5B98FC00672AB5 /* MenuScene.sks in Resources */ = {isa = PBXBuildFile; fileRef = F311EB971C5B98FC00672AB5 /* MenuScene.sks */; };
		F311EB9A1C5BAAB800672AB5 /* SelectScene.sks in Resources */ = {isa = PBXBuildFile; fileRef = F311EB991C5BAAB800672AB5 /* SelectScene.sks */; };
		F311EB9C1C5BAAC000672AB5 /* SelectScene.swift in Sources */ = {isa = PBXBuildFile; fileRef = F311EB9B1C5BAAC000672AB5 /* SelectScene.swift */; };
		F311EB9E1C5BB0A300672AB5 /* CoolButton.swift in Sources */ = {isa = PBXBuildFile; fileRef = F311EB9D1C5BB0A300672AB5 /* CoolButton.swift */; };
		F311EBA81C5C0A5E00672AB5 /* Game.swift in Sources */ = {isa = PBXBuildFile; fileRef = F311EBA71C5C0A5E00672AB5 /* Game.swift */; };
		F311EBAB1C5C0DEE00672AB5 /* Choices.plist in Resources */ = {isa = PBXBuildFile; fileRef = F311EBAA1C5C0DEE00672AB5 /* Choices.plist */; };
		F311EBAD1C5C0F6D00672AB5 /* Choice.swift in Sources */ = {isa = PBXBuildFile; fileRef = F311EBAC1C5C0F6D00672AB5 /* Choice.swift */; };
		F311EBAF1C5C168200672AB5 /* RandomNumberExtensions.swift in Sources */ = {isa = PBXBuildFile; fileRef = F311EBAE1C5C168200672AB5 /* RandomNumberExtensions.swift */; };
		F311EBB11C5C2BAB00672AB5 /* PassDeviceScene.swift in Sources */ = {isa = PBXBuildFile; fileRef = F311EBB01C5C2BAB00672AB5 /* PassDeviceScene.swift */; };
		F311EBB31C5C2BDF00672AB5 /* PassDeviceScene.sks in Resources */ = {isa = PBXBuildFile; fileRef = F311EBB21C5C2BDF00672AB5 /* PassDeviceScene.sks */; };
		F311EBB51C5C2F1400672AB5 /* StartScene.sks in Resources */ = {isa = PBXBuildFile; fileRef = F311EBB41C5C2F1400672AB5 /* StartScene.sks */; };
		F311EBB71C5C2F1B00672AB5 /* StartScene.swift in Sources */ = {isa = PBXBuildFile; fileRef = F311EBB61C5C2F1B00672AB5 /* StartScene.swift */; };
		F311EBB91C5C378D00672AB5 /* PlayingScene.swift in Sources */ = {isa = PBXBuildFile; fileRef = F311EBB81C5C378D00672AB5 /* PlayingScene.swift */; };
		F311EBBB1C5C37AC00672AB5 /* PlayingScene.sks in Resources */ = {isa = PBXBuildFile; fileRef = F311EBBA1C5C37AC00672AB5 /* PlayingScene.sks */; };
		F341EBDD1C5B117800B416F1 /* AppDelegate.swift in Sources */ = {isa = PBXBuildFile; fileRef = F341EBDC1C5B117800B416F1 /* AppDelegate.swift */; };
		F341EBE11C5B117800B416F1 /* MenuScene.swift in Sources */ = {isa = PBXBuildFile; fileRef = F341EBE01C5B117800B416F1 /* MenuScene.swift */; };
		F341EBE31C5B117800B416F1 /* GameViewController.swift in Sources */ = {isa = PBXBuildFile; fileRef = F341EBE21C5B117800B416F1 /* GameViewController.swift */; };
		F341EBE61C5B117800B416F1 /* Main.storyboard in Resources */ = {isa = PBXBuildFile; fileRef = F341EBE41C5B117800B416F1 /* Main.storyboard */; };
		F341EBE81C5B117800B416F1 /* Assets.xcassets in Resources */ = {isa = PBXBuildFile; fileRef = F341EBE71C5B117800B416F1 /* Assets.xcassets */; };
		F341EBEB1C5B117800B416F1 /* LaunchScreen.storyboard in Resources */ = {isa = PBXBuildFile; fileRef = F341EBE91C5B117800B416F1 /* LaunchScreen.storyboard */; };
		F38D49D51C5C48BC00BF171E /* ColorExtensions.swift in Sources */ = {isa = PBXBuildFile; fileRef = F38D49D41C5C48BC00BF171E /* ColorExtensions.swift */; };
		F38D49D71C5D57B800BF171E /* TapToViewPane.swift in Sources */ = {isa = PBXBuildFile; fileRef = F38D49D61C5D57B800BF171E /* TapToViewPane.swift */; };
/* End PBXBuildFile section */

/* Begin PBXFileReference section */
		F311EB971C5B98FC00672AB5 /* MenuScene.sks */ = {isa = PBXFileReference; lastKnownFileType = file.sks; path = MenuScene.sks; sourceTree = "<group>"; };
		F311EB991C5BAAB800672AB5 /* SelectScene.sks */ = {isa = PBXFileReference; lastKnownFileType = file.sks; path = SelectScene.sks; sourceTree = "<group>"; };
		F311EB9B1C5BAAC000672AB5 /* SelectScene.swift */ = {isa = PBXFileReference; fileEncoding = 4; lastKnownFileType = sourcecode.swift; path = SelectScene.swift; sourceTree = "<group>"; };
		F311EB9D1C5BB0A300672AB5 /* CoolButton.swift */ = {isa = PBXFileReference; fileEncoding = 4; lastKnownFileType = sourcecode.swift; path = CoolButton.swift; sourceTree = "<group>"; };
		F311EBA71C5C0A5E00672AB5 /* Game.swift */ = {isa = PBXFileReference; fileEncoding = 4; lastKnownFileType = sourcecode.swift; path = Game.swift; sourceTree = "<group>"; };
		F311EBAA1C5C0DEE00672AB5 /* Choices.plist */ = {isa = PBXFileReference; fileEncoding = 4; lastKnownFileType = text.plist.xml; path = Choices.plist; sourceTree = "<group>"; };
		F311EBAC1C5C0F6D00672AB5 /* Choice.swift */ = {isa = PBXFileReference; fileEncoding = 4; lastKnownFileType = sourcecode.swift; path = Choice.swift; sourceTree = "<group>"; };
		F311EBAE1C5C168200672AB5 /* RandomNumberExtensions.swift */ = {isa = PBXFileReference; fileEncoding = 4; lastKnownFileType = sourcecode.swift; path = RandomNumberExtensions.swift; sourceTree = "<group>"; };
		F311EBB01C5C2BAB00672AB5 /* PassDeviceScene.swift */ = {isa = PBXFileReference; fileEncoding = 4; lastKnownFileType = sourcecode.swift; path = PassDeviceScene.swift; sourceTree = "<group>"; };
		F311EBB21C5C2BDF00672AB5 /* PassDeviceScene.sks */ = {isa = PBXFileReference; lastKnownFileType = file.sks; path = PassDeviceScene.sks; sourceTree = "<group>"; };
		F311EBB41C5C2F1400672AB5 /* StartScene.sks */ = {isa = PBXFileReference; lastKnownFileType = file.sks; path = StartScene.sks; sourceTree = "<group>"; };
		F311EBB61C5C2F1B00672AB5 /* StartScene.swift */ = {isa = PBXFileReference; fileEncoding = 4; lastKnownFileType = sourcecode.swift; path = StartScene.swift; sourceTree = "<group>"; };
		F311EBB81C5C378D00672AB5 /* PlayingScene.swift */ = {isa = PBXFileReference; fileEncoding = 4; lastKnownFileType = sourcecode.swift; path = PlayingScene.swift; sourceTree = "<group>"; };
		F311EBBA1C5C37AC00672AB5 /* PlayingScene.sks */ = {isa = PBXFileReference; lastKnownFileType = file.sks; path = PlayingScene.sks; sourceTree = "<group>"; };
		F341EBD91C5B117800B416F1 /* ios-app.app */ = {isa = PBXFileReference; explicitFileType = wrapper.application; includeInIndex = 0; path = "ios-app.app"; sourceTree = BUILT_PRODUCTS_DIR; };
		F341EBDC1C5B117800B416F1 /* AppDelegate.swift */ = {isa = PBXFileReference; lastKnownFileType = sourcecode.swift; path = AppDelegate.swift; sourceTree = "<group>"; };
		F341EBE01C5B117800B416F1 /* MenuScene.swift */ = {isa = PBXFileReference; lastKnownFileType = sourcecode.swift; path = MenuScene.swift; sourceTree = "<group>"; };
		F341EBE21C5B117800B416F1 /* GameViewController.swift */ = {isa = PBXFileReference; lastKnownFileType = sourcecode.swift; path = GameViewController.swift; sourceTree = "<group>"; };
		F341EBE51C5B117800B416F1 /* Base */ = {isa = PBXFileReference; lastKnownFileType = file.storyboard; name = Base; path = Base.lproj/Main.storyboard; sourceTree = "<group>"; };
		F341EBE71C5B117800B416F1 /* Assets.xcassets */ = {isa = PBXFileReference; lastKnownFileType = folder.assetcatalog; path = Assets.xcassets; sourceTree = "<group>"; };
		F341EBEA1C5B117800B416F1 /* Base */ = {isa = PBXFileReference; lastKnownFileType = file.storyboard; name = Base; path = Base.lproj/LaunchScreen.storyboard; sourceTree = "<group>"; };
		F341EBEC1C5B117800B416F1 /* Info.plist */ = {isa = PBXFileReference; lastKnownFileType = text.plist.xml; path = Info.plist; sourceTree = "<group>"; };
		F38D49D41C5C48BC00BF171E /* ColorExtensions.swift */ = {isa = PBXFileReference; fileEncoding = 4; lastKnownFileType = sourcecode.swift; path = ColorExtensions.swift; sourceTree = "<group>"; };
		F38D49D61C5D57B800BF171E /* TapToViewPane.swift */ = {isa = PBXFileReference; fileEncoding = 4; lastKnownFileType = sourcecode.swift; path = TapToViewPane.swift; sourceTree = "<group>"; };
/* End PBXFileReference section */

/* Begin PBXFrameworksBuildPhase section */
		F341EBD61C5B117800B416F1 /* Frameworks */ = {
			isa = PBXFrameworksBuildPhase;
			buildActionMask = 2147483647;
			files = (
			);
			runOnlyForDeploymentPostprocessing = 0;
		};
/* End PBXFrameworksBuildPhase section */

/* Begin PBXGroup section */
		F311EB951C5B931400672AB5 /* Scenes */ = {
			isa = PBXGroup;
			children = (
				F311EBA01C5BB46600672AB5 /* UI Elements */,
				F341EBE01C5B117800B416F1 /* MenuScene.swift */,
				F311EB971C5B98FC00672AB5 /* MenuScene.sks */,
				F311EB9B1C5BAAC000672AB5 /* SelectScene.swift */,
				F311EB991C5BAAB800672AB5 /* SelectScene.sks */,
				F311EBB01C5C2BAB00672AB5 /* PassDeviceScene.swift */,
				F311EBB21C5C2BDF00672AB5 /* PassDeviceScene.sks */,
				F311EBB61C5C2F1B00672AB5 /* StartScene.swift */,
				F311EBB41C5C2F1400672AB5 /* StartScene.sks */,
				F311EBB81C5C378D00672AB5 /* PlayingScene.swift */,
				F311EBBA1C5C37AC00672AB5 /* PlayingScene.sks */,
			);
			name = Scenes;
			sourceTree = "<group>";
		};
		F311EB961C5B931B00672AB5 /* Controllers */ = {
			isa = PBXGroup;
			children = (
				F341EBE21C5B117800B416F1 /* GameViewController.swift */,
			);
			name = Controllers;
			sourceTree = "<group>";
		};
		F311EBA01C5BB46600672AB5 /* UI Elements */ = {
			isa = PBXGroup;
			children = (
				F311EB9D1C5BB0A300672AB5 /* CoolButton.swift */,
				F38D49D61C5D57B800BF171E /* TapToViewPane.swift */,
				F38D49D41C5C48BC00BF171E /* ColorExtensions.swift */,
			);
			name = "UI Elements";
			sourceTree = "<group>";
		};
		F311EBA91C5C0A6200672AB5 /* Model */ = {
			isa = PBXGroup;
			children = (
				F311EBA71C5C0A5E00672AB5 /* Game.swift */,
				F311EBAC1C5C0F6D00672AB5 /* Choice.swift */,
				F311EBAE1C5C168200672AB5 /* RandomNumberExtensions.swift */,
			);
			name = Model;
			sourceTree = "<group>";
		};
		F341EBD01C5B117800B416F1 = {
			isa = PBXGroup;
			children = (
				F341EBDB1C5B117800B416F1 /* ios-app */,
				F341EBDA1C5B117800B416F1 /* Products */,
			);
			sourceTree = "<group>";
		};
		F341EBDA1C5B117800B416F1 /* Products */ = {
			isa = PBXGroup;
			children = (
				F341EBD91C5B117800B416F1 /* ios-app.app */,
			);
			name = Products;
			sourceTree = "<group>";
		};
		F341EBDB1C5B117800B416F1 /* ios-app */ = {
			isa = PBXGroup;
			children = (
				F341EBDC1C5B117800B416F1 /* AppDelegate.swift */,
				F311EB951C5B931400672AB5 /* Scenes */,
				F311EB961C5B931B00672AB5 /* Controllers */,
				F311EBA91C5C0A6200672AB5 /* Model */,
				F341EBE41C5B117800B416F1 /* Main.storyboard */,
				F341EBE71C5B117800B416F1 /* Assets.xcassets */,
				F341EBE91C5B117800B416F1 /* LaunchScreen.storyboard */,
				F341EBEC1C5B117800B416F1 /* Info.plist */,
				F311EBAA1C5C0DEE00672AB5 /* Choices.plist */,
			);
			path = "ios-app";
			sourceTree = "<group>";
		};
/* End PBXGroup section */

/* Begin PBXNativeTarget section */
		F341EBD81C5B117800B416F1 /* ios-app */ = {
			isa = PBXNativeTarget;
			buildConfigurationList = F341EBEF1C5B117800B416F1 /* Build configuration list for PBXNativeTarget "ios-app" */;
			buildPhases = (
				F341EBD51C5B117800B416F1 /* Sources */,
				F341EBD61C5B117800B416F1 /* Frameworks */,
				F341EBD71C5B117800B416F1 /* Resources */,
			);
			buildRules = (
			);
			dependencies = (
			);
			name = "ios-app";
			productName = "ios-app";
			productReference = F341EBD91C5B117800B416F1 /* ios-app.app */;
			productType = "com.apple.product-type.application";
		};
/* End PBXNativeTarget section */

/* Begin PBXProject section */
		F341EBD11C5B117800B416F1 /* Project object */ = {
			isa = PBXProject;
			attributes = {
				LastSwiftUpdateCheck = 0720;
				LastUpgradeCheck = 0720;
				ORGANIZATIONNAME = RyanDannyStevie;
				TargetAttributes = {
					F341EBD81C5B117800B416F1 = {
						CreatedOnToolsVersion = 7.2;
						DevelopmentTeam = 4WSE28UZ7M;
					};
				};
			};
			buildConfigurationList = F341EBD41C5B117800B416F1 /* Build configuration list for PBXProject "ios-app" */;
			compatibilityVersion = "Xcode 3.2";
			developmentRegion = English;
			hasScannedForEncodings = 0;
			knownRegions = (
				en,
				Base,
			);
			mainGroup = F341EBD01C5B117800B416F1;
			productRefGroup = F341EBDA1C5B117800B416F1 /* Products */;
			projectDirPath = "";
			projectRoot = "";
			targets = (
				F341EBD81C5B117800B416F1 /* ios-app */,
			);
		};
/* End PBXProject section */

/* Begin PBXResourcesBuildPhase section */
		F341EBD71C5B117800B416F1 /* Resources */ = {
			isa = PBXResourcesBuildPhase;
			buildActionMask = 2147483647;
			files = (
				F341EBEB1C5B117800B416F1 /* LaunchScreen.storyboard in Resources */,
				F311EBB51C5C2F1400672AB5 /* StartScene.sks in Resources */,
				F311EBAB1C5C0DEE00672AB5 /* Choices.plist in Resources */,
				F311EB9A1C5BAAB800672AB5 /* SelectScene.sks in Resources */,
				F341EBE81C5B117800B416F1 /* Assets.xcassets in Resources */,
				F311EBB31C5C2BDF00672AB5 /* PassDeviceScene.sks in Resources */,
				F341EBE61C5B117800B416F1 /* Main.storyboard in Resources */,
				F311EBBB1C5C37AC00672AB5 /* PlayingScene.sks in Resources */,
				F311EB981C5B98FC00672AB5 /* MenuScene.sks in Resources */,
			);
			runOnlyForDeploymentPostprocessing = 0;
		};
/* End PBXResourcesBuildPhase section */

/* Begin PBXSourcesBuildPhase section */
		F341EBD51C5B117800B416F1 /* Sources */ = {
			isa = PBXSourcesBuildPhase;
			buildActionMask = 2147483647;
			files = (
				F311EBB91C5C378D00672AB5 /* PlayingScene.swift in Sources */,
				F341EBE11C5B117800B416F1 /* MenuScene.swift in Sources */,
				F311EBAF1C5C168200672AB5 /* RandomNumberExtensions.swift in Sources */,
				F38D49D71C5D57B800BF171E /* TapToViewPane.swift in Sources */,
				F311EBA81C5C0A5E00672AB5 /* Game.swift in Sources */,
				F311EBB71C5C2F1B00672AB5 /* StartScene.swift in Sources */,
				F311EBAD1C5C0F6D00672AB5 /* Choice.swift in Sources */,
				F311EB9E1C5BB0A300672AB5 /* CoolButton.swift in Sources */,
				F311EB9C1C5BAAC000672AB5 /* SelectScene.swift in Sources */,
				F311EBB11C5C2BAB00672AB5 /* PassDeviceScene.swift in Sources */,
				F341EBE31C5B117800B416F1 /* GameViewController.swift in Sources */,
				F341EBDD1C5B117800B416F1 /* AppDelegate.swift in Sources */,
				F38D49D51C5C48BC00BF171E /* ColorExtensions.swift in Sources */,
			);
			runOnlyForDeploymentPostprocessing = 0;
		};
/* End PBXSourcesBuildPhase section */

/* Begin PBXVariantGroup section */
		F341EBE41C5B117800B416F1 /* Main.storyboard */ = {
			isa = PBXVariantGroup;
			children = (
				F341EBE51C5B117800B416F1 /* Base */,
			);
			name = Main.storyboard;
			sourceTree = "<group>";
		};
		F341EBE91C5B117800B416F1 /* LaunchScreen.storyboard */ = {
			isa = PBXVariantGroup;
			children = (
				F341EBEA1C5B117800B416F1 /* Base */,
			);
			name = LaunchScreen.storyboard;
			sourceTree = "<group>";
		};
/* End PBXVariantGroup section */

/* Begin XCBuildConfiguration section */
		F341EBED1C5B117800B416F1 /* Debug */ = {
			isa = XCBuildConfiguration;
			buildSettings = {
				ALWAYS_SEARCH_USER_PATHS = NO;
				CLANG_CXX_LANGUAGE_STANDARD = "gnu++0x";
				CLANG_CXX_LIBRARY = "libc++";
				CLANG_ENABLE_MODULES = YES;
				CLANG_ENABLE_OBJC_ARC = YES;
				CLANG_WARN_BOOL_CONVERSION = YES;
				CLANG_WARN_CONSTANT_CONVERSION = YES;
				CLANG_WARN_DIRECT_OBJC_ISA_USAGE = YES_ERROR;
				CLANG_WARN_EMPTY_BODY = YES;
				CLANG_WARN_ENUM_CONVERSION = YES;
				CLANG_WARN_INT_CONVERSION = YES;
				CLANG_WARN_OBJC_ROOT_CLASS = YES_ERROR;
				CLANG_WARN_UNREACHABLE_CODE = YES;
				CLANG_WARN__DUPLICATE_METHOD_MATCH = YES;
				"CODE_SIGN_IDENTITY[sdk=iphoneos*]" = "iPhone Developer";
				COPY_PHASE_STRIP = NO;
				DEBUG_INFORMATION_FORMAT = "dwarf-with-dsym";
				ENABLE_STRICT_OBJC_MSGSEND = YES;
				ENABLE_TESTABILITY = YES;
				GCC_C_LANGUAGE_STANDARD = gnu99;
				GCC_DYNAMIC_NO_PIC = NO;
				GCC_NO_COMMON_BLOCKS = YES;
				GCC_OPTIMIZATION_LEVEL = 0;
				GCC_PREPROCESSOR_DEFINITIONS = (
					"DEBUG=1",
					"$(inherited)",
				);
				GCC_WARN_64_TO_32_BIT_CONVERSION = YES;
				GCC_WARN_ABOUT_RETURN_TYPE = YES_ERROR;
				GCC_WARN_UNDECLARED_SELECTOR = YES;
				GCC_WARN_UNINITIALIZED_AUTOS = YES_AGGRESSIVE;
				GCC_WARN_UNUSED_FUNCTION = YES;
				GCC_WARN_UNUSED_VARIABLE = YES;
				IPHONEOS_DEPLOYMENT_TARGET = 9.2;
				MTL_ENABLE_DEBUG_INFO = YES;
				ONLY_ACTIVE_ARCH = YES;
				SDKROOT = iphoneos;
				SWIFT_OPTIMIZATION_LEVEL = "-Onone";
				TARGETED_DEVICE_FAMILY = "1,2";
			};
			name = Debug;
		};
		F341EBEE1C5B117800B416F1 /* Release */ = {
			isa = XCBuildConfiguration;
			buildSettings = {
				ALWAYS_SEARCH_USER_PATHS = NO;
				CLANG_CXX_LANGUAGE_STANDARD = "gnu++0x";
				CLANG_CXX_LIBRARY = "libc++";
				CLANG_ENABLE_MODULES = YES;
				CLANG_ENABLE_OBJC_ARC = YES;
				CLANG_WARN_BOOL_CONVERSION = YES;
				CLANG_WARN_CONSTANT_CONVERSION = YES;
				CLANG_WARN_DIRECT_OBJC_ISA_USAGE = YES_ERROR;
				CLANG_WARN_EMPTY_BODY = YES;
				CLANG_WARN_ENUM_CONVERSION = YES;
				CLANG_WARN_INT_CONVERSION = YES;
				CLANG_WARN_OBJC_ROOT_CLASS = YES_ERROR;
				CLANG_WARN_UNREACHABLE_CODE = YES;
				CLANG_WARN__DUPLICATE_METHOD_MATCH = YES;
				"CODE_SIGN_IDENTITY[sdk=iphoneos*]" = "iPhone Developer";
				COPY_PHASE_STRIP = NO;
				DEBUG_INFORMATION_FORMAT = "dwarf-with-dsym";
				ENABLE_NS_ASSERTIONS = NO;
				ENABLE_STRICT_OBJC_MSGSEND = YES;
				GCC_C_LANGUAGE_STANDARD = gnu99;
				GCC_NO_COMMON_BLOCKS = YES;
				GCC_WARN_64_TO_32_BIT_CONVERSION = YES;
				GCC_WARN_ABOUT_RETURN_TYPE = YES_ERROR;
				GCC_WARN_UNDECLARED_SELECTOR = YES;
				GCC_WARN_UNINITIALIZED_AUTOS = YES_AGGRESSIVE;
				GCC_WARN_UNUSED_FUNCTION = YES;
				GCC_WARN_UNUSED_VARIABLE = YES;
				IPHONEOS_DEPLOYMENT_TARGET = 9.2;
				MTL_ENABLE_DEBUG_INFO = NO;
				SDKROOT = iphoneos;
				TARGETED_DEVICE_FAMILY = "1,2";
				VALIDATE_PRODUCT = YES;
			};
			name = Release;
		};
		F341EBF01C5B117800B416F1 /* Debug */ = {
			isa = XCBuildConfiguration;
			buildSettings = {
				ASSETCATALOG_COMPILER_APPICON_NAME = AppIcon;
				CODE_SIGN_IDENTITY = "iPhone Developer";
				"CODE_SIGN_IDENTITY[sdk=iphoneos*]" = "iPhone Developer";
				INFOPLIST_FILE = "ios-app/Info.plist";
				IPHONEOS_DEPLOYMENT_TARGET = 9.0;
				LD_RUNPATH_SEARCH_PATHS = "$(inherited) @executable_path/Frameworks";
				PRODUCT_BUNDLE_IDENTIFIER = "com.rds.ios-app";
				PRODUCT_NAME = "$(TARGET_NAME)";
				PROVISIONING_PROFILE = "";
				TARGETED_DEVICE_FAMILY = "1,2";
			};
			name = Debug;
		};
		F341EBF11C5B117800B416F1 /* Release */ = {
			isa = XCBuildConfiguration;
			buildSettings = {
				ASSETCATALOG_COMPILER_APPICON_NAME = AppIcon;
				CODE_SIGN_IDENTITY = "iPhone Developer";
				"CODE_SIGN_IDENTITY[sdk=iphoneos*]" = "iPhone Developer";
				INFOPLIST_FILE = "ios-app/Info.plist";
				IPHONEOS_DEPLOYMENT_TARGET = 9.0;
				LD_RUNPATH_SEARCH_PATHS = "$(inherited) @executable_path/Frameworks";
				PRODUCT_BUNDLE_IDENTIFIER = "com.rds.ios-app";
				PRODUCT_NAME = "$(TARGET_NAME)";
				PROVISIONING_PROFILE = "";
				TARGETED_DEVICE_FAMILY = "1,2";
			};
			name = Release;
		};
/* End XCBuildConfiguration section */

/* Begin XCConfigurationList section */
		F341EBD41C5B117800B416F1 /* Build configuration list for PBXProject "ios-app" */ = {
			isa = XCConfigurationList;
			buildConfigurations = (
				F341EBED1C5B117800B416F1 /* Debug */,
				F341EBEE1C5B117800B416F1 /* Release */,
			);
			defaultConfigurationIsVisible = 0;
			defaultConfigurationName = Release;
		};
		F341EBEF1C5B117800B416F1 /* Build configuration list for PBXNativeTarget "ios-app" */ = {
			isa = XCConfigurationList;
			buildConfigurations = (
				F341EBF01C5B117800B416F1 /* Debug */,
				F341EBF11C5B117800B416F1 /* Release */,
			);
			defaultConfigurationIsVisible = 0;
			defaultConfigurationName = Release;
		};
/* End XCConfigurationList section */
	};
	rootObject = F341EBD11C5B117800B416F1 /* Project object */;
}
