// !$*UTF8*$!
{
	archiveVersion = 1;
	classes = {
	};
	objectVersion = 46;
	objects = {

/* Begin PBXBuildFile section */
		F341EBFF1C5B119800B416F1 /* AppDelegate.swift in Sources */ = {isa = PBXBuildFile; fileRef = F341EBFE1C5B119800B416F1 /* AppDelegate.swift */; };
		F341EC051C5B119800B416F1 /* GameViewController.swift in Sources */ = {isa = PBXBuildFile; fileRef = F341EC041C5B119800B416F1 /* GameViewController.swift */; };
		F341EC071C5B119800B416F1 /* Game.xcassets in Resources */ = {isa = PBXBuildFile; fileRef = F341EC061C5B119800B416F1 /* Game.xcassets */; };
		F341EC0A1C5B119800B416F1 /* Main.storyboard in Resources */ = {isa = PBXBuildFile; fileRef = F341EC081C5B119800B416F1 /* Main.storyboard */; };
		F341EC0C1C5B119800B416F1 /* Assets.xcassets in Resources */ = {isa = PBXBuildFile; fileRef = F341EC0B1C5B119800B416F1 /* Assets.xcassets */; };
		F34B2A5E1C5D9C41004B70A8 /* WaitingForDeviceScene.swift in Sources */ = {isa = PBXBuildFile; fileRef = F34B2A5D1C5D9C41004B70A8 /* WaitingForDeviceScene.swift */; };
		F34B2A601C5D9C5E004B70A8 /* WaitingForDeviceScene.sks in Resources */ = {isa = PBXBuildFile; fileRef = F34B2A5F1C5D9C5E004B70A8 /* WaitingForDeviceScene.sks */; };
		F3789D361C5DBCAE00AFC4A2 /* RemoteReceiver.m in Sources */ = {isa = PBXBuildFile; fileRef = F3789D351C5DBCAE00AFC4A2 /* RemoteReceiver.m */; };
		F37F86441C5DA63800E2B2C4 /* GCDAsyncSocket.m in Sources */ = {isa = PBXBuildFile; fileRef = F37F86431C5DA63800E2B2C4 /* GCDAsyncSocket.m */; };
		F38417691C5ECA95001B6825 /* Akashi.ttf in Resources */ = {isa = PBXBuildFile; fileRef = F38417641C5ECA95001B6825 /* Akashi.ttf */; };
		F384176A1C5ECA95001B6825 /* Raleway-Light.ttf in Resources */ = {isa = PBXBuildFile; fileRef = F38417651C5ECA95001B6825 /* Raleway-Light.ttf */; };
		F384176B1C5ECA95001B6825 /* Raleway-Regular.ttf in Resources */ = {isa = PBXBuildFile; fileRef = F38417661C5ECA95001B6825 /* Raleway-Regular.ttf */; };
		F384176C1C5ECA95001B6825 /* Raleway-Bold.ttf in Resources */ = {isa = PBXBuildFile; fileRef = F38417671C5ECA95001B6825 /* Raleway-Bold.ttf */; };
		F390B2CF1C5EA35D00AD368F /* ConnectedScene.swift in Sources */ = {isa = PBXBuildFile; fileRef = F390B2CE1C5EA35D00AD368F /* ConnectedScene.swift */; };
		F390B2D11C5EA36800AD368F /* ConnectedScene.sks in Resources */ = {isa = PBXBuildFile; fileRef = F390B2D01C5EA36800AD368F /* ConnectedScene.sks */; };
		F390B2D31C5EA5B400AD368F /* SceneStateHandler.swift in Sources */ = {isa = PBXBuildFile; fileRef = F390B2D21C5EA5B400AD368F /* SceneStateHandler.swift */; };
		F39F957C1C5E85C700C55638 /* TeamScoreView.swift in Sources */ = {isa = PBXBuildFile; fileRef = F39F957B1C5E85C700C55638 /* TeamScoreView.swift */; };
		F3A692761C5E7A9100D28A01 /* ColorExtensions.swift in Sources */ = {isa = PBXBuildFile; fileRef = F3A692751C5E7A9100D28A01 /* ColorExtensions.swift */; };
		F3BE1AB91C5DD18B00DE1374 /* Communicator.swift in Sources */ = {isa = PBXBuildFile; fileRef = F3BE1AB81C5DD18B00DE1374 /* Communicator.swift */; };
		F3BE1ABB1C5DD49100DE1374 /* ChoosingScene.swift in Sources */ = {isa = PBXBuildFile; fileRef = F3BE1ABA1C5DD49100DE1374 /* ChoosingScene.swift */; };
		F3BE1ABD1C5DD49E00DE1374 /* ChoosingScene.sks in Resources */ = {isa = PBXBuildFile; fileRef = F3BE1ABC1C5DD49E00DE1374 /* ChoosingScene.sks */; };
		F3CE71741C5E7535004EFA4A /* TimerScene.sks in Resources */ = {isa = PBXBuildFile; fileRef = F3CE71731C5E7535004EFA4A /* TimerScene.sks */; };
		F3CE71761C5E7540004EFA4A /* TimerScene.swift in Sources */ = {isa = PBXBuildFile; fileRef = F3CE71751C5E7540004EFA4A /* TimerScene.swift */; };
/* End PBXBuildFile section */

/* Begin PBXFileReference section */
		F341EBFB1C5B119800B416F1 /* tv-app.app */ = {isa = PBXFileReference; explicitFileType = wrapper.application; includeInIndex = 0; path = "tv-app.app"; sourceTree = BUILT_PRODUCTS_DIR; };
		F341EBFE1C5B119800B416F1 /* AppDelegate.swift */ = {isa = PBXFileReference; lastKnownFileType = sourcecode.swift; path = AppDelegate.swift; sourceTree = "<group>"; };
		F341EC041C5B119800B416F1 /* GameViewController.swift */ = {isa = PBXFileReference; lastKnownFileType = sourcecode.swift; path = GameViewController.swift; sourceTree = "<group>"; };
		F341EC061C5B119800B416F1 /* Game.xcassets */ = {isa = PBXFileReference; lastKnownFileType = folder.assetcatalog; path = Game.xcassets; sourceTree = "<group>"; };
		F341EC091C5B119800B416F1 /* Base */ = {isa = PBXFileReference; lastKnownFileType = file.storyboard; name = Base; path = Base.lproj/Main.storyboard; sourceTree = "<group>"; };
		F341EC0B1C5B119800B416F1 /* Assets.xcassets */ = {isa = PBXFileReference; lastKnownFileType = folder.assetcatalog; path = Assets.xcassets; sourceTree = "<group>"; };
		F341EC0D1C5B119800B416F1 /* Info.plist */ = {isa = PBXFileReference; lastKnownFileType = text.plist.xml; path = Info.plist; sourceTree = "<group>"; };
		F34B2A5D1C5D9C41004B70A8 /* WaitingForDeviceScene.swift */ = {isa = PBXFileReference; fileEncoding = 4; lastKnownFileType = sourcecode.swift; path = WaitingForDeviceScene.swift; sourceTree = "<group>"; };
		F34B2A5F1C5D9C5E004B70A8 /* WaitingForDeviceScene.sks */ = {isa = PBXFileReference; lastKnownFileType = file.sks; path = WaitingForDeviceScene.sks; sourceTree = "<group>"; };
		F3789D341C5DBCAE00AFC4A2 /* RemoteReceiver.h */ = {isa = PBXFileReference; fileEncoding = 4; lastKnownFileType = sourcecode.c.h; path = RemoteReceiver.h; sourceTree = "<group>"; };
		F3789D351C5DBCAE00AFC4A2 /* RemoteReceiver.m */ = {isa = PBXFileReference; fileEncoding = 4; lastKnownFileType = sourcecode.c.objc; path = RemoteReceiver.m; sourceTree = "<group>"; };
		F37F86411C5DA63700E2B2C4 /* tv-app-Bridging-Header.h */ = {isa = PBXFileReference; lastKnownFileType = sourcecode.c.h; path = "tv-app-Bridging-Header.h"; sourceTree = "<group>"; };
		F37F86421C5DA63800E2B2C4 /* GCDAsyncSocket.h */ = {isa = PBXFileReference; fileEncoding = 4; lastKnownFileType = sourcecode.c.h; path = GCDAsyncSocket.h; sourceTree = "<group>"; };
		F37F86431C5DA63800E2B2C4 /* GCDAsyncSocket.m */ = {isa = PBXFileReference; fileEncoding = 4; lastKnownFileType = sourcecode.c.objc; path = GCDAsyncSocket.m; sourceTree = "<group>"; };
		F38417641C5ECA95001B6825 /* Akashi.ttf */ = {isa = PBXFileReference; lastKnownFileType = file; path = Akashi.ttf; sourceTree = "<group>"; };
		F38417651C5ECA95001B6825 /* Raleway-Light.ttf */ = {isa = PBXFileReference; lastKnownFileType = file; path = "Raleway-Light.ttf"; sourceTree = "<group>"; };
		F38417661C5ECA95001B6825 /* Raleway-Regular.ttf */ = {isa = PBXFileReference; lastKnownFileType = file; path = "Raleway-Regular.ttf"; sourceTree = "<group>"; };
		F38417671C5ECA95001B6825 /* Raleway-Bold.ttf */ = {isa = PBXFileReference; lastKnownFileType = file; path = "Raleway-Bold.ttf"; sourceTree = "<group>"; };
		F390B2CE1C5EA35D00AD368F /* ConnectedScene.swift */ = {isa = PBXFileReference; fileEncoding = 4; lastKnownFileType = sourcecode.swift; path = ConnectedScene.swift; sourceTree = "<group>"; };
		F390B2D01C5EA36800AD368F /* ConnectedScene.sks */ = {isa = PBXFileReference; lastKnownFileType = file.sks; path = ConnectedScene.sks; sourceTree = "<group>"; };
		F390B2D21C5EA5B400AD368F /* SceneStateHandler.swift */ = {isa = PBXFileReference; fileEncoding = 4; lastKnownFileType = sourcecode.swift; path = SceneStateHandler.swift; sourceTree = "<group>"; };
		F39F957B1C5E85C700C55638 /* TeamScoreView.swift */ = {isa = PBXFileReference; fileEncoding = 4; lastKnownFileType = sourcecode.swift; path = TeamScoreView.swift; sourceTree = "<group>"; };
		F3A692751C5E7A9100D28A01 /* ColorExtensions.swift */ = {isa = PBXFileReference; fileEncoding = 4; lastKnownFileType = sourcecode.swift; path = ColorExtensions.swift; sourceTree = "<group>"; };
		F3BE1AB81C5DD18B00DE1374 /* Communicator.swift */ = {isa = PBXFileReference; fileEncoding = 4; lastKnownFileType = sourcecode.swift; path = Communicator.swift; sourceTree = "<group>"; };
		F3BE1ABA1C5DD49100DE1374 /* ChoosingScene.swift */ = {isa = PBXFileReference; fileEncoding = 4; lastKnownFileType = sourcecode.swift; path = ChoosingScene.swift; sourceTree = "<group>"; };
		F3BE1ABC1C5DD49E00DE1374 /* ChoosingScene.sks */ = {isa = PBXFileReference; lastKnownFileType = file.sks; path = ChoosingScene.sks; sourceTree = "<group>"; };
		F3CE71731C5E7535004EFA4A /* TimerScene.sks */ = {isa = PBXFileReference; lastKnownFileType = file.sks; path = TimerScene.sks; sourceTree = "<group>"; };
		F3CE71751C5E7540004EFA4A /* TimerScene.swift */ = {isa = PBXFileReference; fileEncoding = 4; lastKnownFileType = sourcecode.swift; path = TimerScene.swift; sourceTree = "<group>"; };
/* End PBXFileReference section */

/* Begin PBXFrameworksBuildPhase section */
		F341EBF81C5B119800B416F1 /* Frameworks */ = {
			isa = PBXFrameworksBuildPhase;
			buildActionMask = 2147483647;
			files = (
			);
			runOnlyForDeploymentPostprocessing = 0;
		};
/* End PBXFrameworksBuildPhase section */

/* Begin PBXGroup section */
		F341EBF21C5B119800B416F1 = {
			isa = PBXGroup;
			children = (
				F341EBFD1C5B119800B416F1 /* tv-app */,
				F341EBFC1C5B119800B416F1 /* Products */,
			);
			sourceTree = "<group>";
		};
		F341EBFC1C5B119800B416F1 /* Products */ = {
			isa = PBXGroup;
			children = (
				F341EBFB1C5B119800B416F1 /* tv-app.app */,
			);
			name = Products;
			sourceTree = "<group>";
		};
		F341EBFD1C5B119800B416F1 /* tv-app */ = {
			isa = PBXGroup;
			children = (
				F37F86411C5DA63700E2B2C4 /* tv-app-Bridging-Header.h */,
				F341EBFE1C5B119800B416F1 /* AppDelegate.swift */,
				F34B2A5B1C5D9C0F004B70A8 /* Scenes */,
				F34B2A5A1C5D9C06004B70A8 /* Controllers */,
				F34B2A611C5D9E48004B70A8 /* Model */,
				F34B2A5C1C5D9C30004B70A8 /* Resources */,
				F341EC0D1C5B119800B416F1 /* Info.plist */,
			);
			path = "tv-app";
			sourceTree = "<group>";
		};
		F34B2A5A1C5D9C06004B70A8 /* Controllers */ = {
			isa = PBXGroup;
			children = (
				F341EC041C5B119800B416F1 /* GameViewController.swift */,
			);
			name = Controllers;
			sourceTree = "<group>";
		};
		F34B2A5B1C5D9C0F004B70A8 /* Scenes */ = {
			isa = PBXGroup;
			children = (
				F3A692771C5E7AA700D28A01 /* UI Elements */,
				F34B2A5D1C5D9C41004B70A8 /* WaitingForDeviceScene.swift */,
				F34B2A5F1C5D9C5E004B70A8 /* WaitingForDeviceScene.sks */,
				F390B2CE1C5EA35D00AD368F /* ConnectedScene.swift */,
				F390B2D01C5EA36800AD368F /* ConnectedScene.sks */,
				F3BE1ABA1C5DD49100DE1374 /* ChoosingScene.swift */,
				F3BE1ABC1C5DD49E00DE1374 /* ChoosingScene.sks */,
				F3CE71751C5E7540004EFA4A /* TimerScene.swift */,
				F3CE71731C5E7535004EFA4A /* TimerScene.sks */,
			);
			name = Scenes;
			sourceTree = "<group>";
		};
		F34B2A5C1C5D9C30004B70A8 /* Resources */ = {
			isa = PBXGroup;
			children = (
				F38417681C5ECA95001B6825 /* Fonts */,
				F341EC061C5B119800B416F1 /* Game.xcassets */,
				F341EC081C5B119800B416F1 /* Main.storyboard */,
				F341EC0B1C5B119800B416F1 /* Assets.xcassets */,
			);
			name = Resources;
			sourceTree = "<group>";
		};
		F34B2A611C5D9E48004B70A8 /* Model */ = {
			isa = PBXGroup;
			children = (
				F390B2D21C5EA5B400AD368F /* SceneStateHandler.swift */,
				F37F86451C5DA64700E2B2C4 /* Communication */,
			);
			name = Model;
			sourceTree = "<group>";
		};
		F37F86451C5DA64700E2B2C4 /* Communication */ = {
			isa = PBXGroup;
			children = (
				F3BE1AB81C5DD18B00DE1374 /* Communicator.swift */,
				F3789D341C5DBCAE00AFC4A2 /* RemoteReceiver.h */,
				F3789D351C5DBCAE00AFC4A2 /* RemoteReceiver.m */,
				F37F86421C5DA63800E2B2C4 /* GCDAsyncSocket.h */,
				F37F86431C5DA63800E2B2C4 /* GCDAsyncSocket.m */,
			);
			name = Communication;
			sourceTree = "<group>";
		};
		F38417681C5ECA95001B6825 /* Fonts */ = {
			isa = PBXGroup;
			children = (
				F38417641C5ECA95001B6825 /* Akashi.ttf */,
				F38417651C5ECA95001B6825 /* Raleway-Light.ttf */,
				F38417661C5ECA95001B6825 /* Raleway-Regular.ttf */,
				F38417671C5ECA95001B6825 /* Raleway-Bold.ttf */,
			);
			name = Fonts;
			path = "../../ios-app/ios-app";
			sourceTree = "<group>";
		};
		F3A692771C5E7AA700D28A01 /* UI Elements */ = {
			isa = PBXGroup;
			children = (
				F3A692751C5E7A9100D28A01 /* ColorExtensions.swift */,
				F39F957B1C5E85C700C55638 /* TeamScoreView.swift */,
			);
			name = "UI Elements";
			sourceTree = "<group>";
		};
/* End PBXGroup section */

/* Begin PBXNativeTarget section */
		F341EBFA1C5B119800B416F1 /* tv-app */ = {
			isa = PBXNativeTarget;
			buildConfigurationList = F341EC101C5B119800B416F1 /* Build configuration list for PBXNativeTarget "tv-app" */;
			buildPhases = (
				F341EBF71C5B119800B416F1 /* Sources */,
				F341EBF81C5B119800B416F1 /* Frameworks */,
				F341EBF91C5B119800B416F1 /* Resources */,
			);
			buildRules = (
			);
			dependencies = (
			);
			name = "tv-app";
			productName = "tv-app";
			productReference = F341EBFB1C5B119800B416F1 /* tv-app.app */;
			productType = "com.apple.product-type.application";
		};
/* End PBXNativeTarget section */

/* Begin PBXProject section */
		F341EBF31C5B119800B416F1 /* Project object */ = {
			isa = PBXProject;
			attributes = {
				LastSwiftUpdateCheck = 0720;
				LastUpgradeCheck = 0720;
				ORGANIZATIONNAME = RyanDannyStevie;
				TargetAttributes = {
					F341EBFA1C5B119800B416F1 = {
						CreatedOnToolsVersion = 7.2;
						DevelopmentTeam = 4WSE28UZ7M;
					};
				};
			};
			buildConfigurationList = F341EBF61C5B119800B416F1 /* Build configuration list for PBXProject "tv-app" */;
			compatibilityVersion = "Xcode 3.2";
			developmentRegion = English;
			hasScannedForEncodings = 0;
			knownRegions = (
				en,
				Base,
			);
			mainGroup = F341EBF21C5B119800B416F1;
			productRefGroup = F341EBFC1C5B119800B416F1 /* Products */;
			projectDirPath = "";
			projectRoot = "";
			targets = (
				F341EBFA1C5B119800B416F1 /* tv-app */,
			);
		};
/* End PBXProject section */

/* Begin PBXResourcesBuildPhase section */
		F341EBF91C5B119800B416F1 /* Resources */ = {
			isa = PBXResourcesBuildPhase;
			buildActionMask = 2147483647;
			files = (
				F3BE1ABD1C5DD49E00DE1374 /* ChoosingScene.sks in Resources */,
				F384176B1C5ECA95001B6825 /* Raleway-Regular.ttf in Resources */,
				F34B2A601C5D9C5E004B70A8 /* WaitingForDeviceScene.sks in Resources */,
				F3CE71741C5E7535004EFA4A /* TimerScene.sks in Resources */,
				F341EC0A1C5B119800B416F1 /* Main.storyboard in Resources */,
				F390B2D11C5EA36800AD368F /* ConnectedScene.sks in Resources */,
				F341EC0C1C5B119800B416F1 /* Assets.xcassets in Resources */,
				F384176A1C5ECA95001B6825 /* Raleway-Light.ttf in Resources */,
				F384176C1C5ECA95001B6825 /* Raleway-Bold.ttf in Resources */,
				F341EC071C5B119800B416F1 /* Game.xcassets in Resources */,
				F38417691C5ECA95001B6825 /* Akashi.ttf in Resources */,
			);
			runOnlyForDeploymentPostprocessing = 0;
		};
/* End PBXResourcesBuildPhase section */

/* Begin PBXSourcesBuildPhase section */
		F341EBF71C5B119800B416F1 /* Sources */ = {
			isa = PBXSourcesBuildPhase;
			buildActionMask = 2147483647;
			files = (
				F3BE1AB91C5DD18B00DE1374 /* Communicator.swift in Sources */,
				F3BE1ABB1C5DD49100DE1374 /* ChoosingScene.swift in Sources */,
				F390B2CF1C5EA35D00AD368F /* ConnectedScene.swift in Sources */,
				F39F957C1C5E85C700C55638 /* TeamScoreView.swift in Sources */,
				F3CE71761C5E7540004EFA4A /* TimerScene.swift in Sources */,
				F341EC051C5B119800B416F1 /* GameViewController.swift in Sources */,
				F3789D361C5DBCAE00AFC4A2 /* RemoteReceiver.m in Sources */,
				F390B2D31C5EA5B400AD368F /* SceneStateHandler.swift in Sources */,
				F3A692761C5E7A9100D28A01 /* ColorExtensions.swift in Sources */,
				F37F86441C5DA63800E2B2C4 /* GCDAsyncSocket.m in Sources */,
				F34B2A5E1C5D9C41004B70A8 /* WaitingForDeviceScene.swift in Sources */,
				F341EBFF1C5B119800B416F1 /* AppDelegate.swift in Sources */,
			);
			runOnlyForDeploymentPostprocessing = 0;
		};
/* End PBXSourcesBuildPhase section */

/* Begin PBXVariantGroup section */
		F341EC081C5B119800B416F1 /* Main.storyboard */ = {
			isa = PBXVariantGroup;
			children = (
				F341EC091C5B119800B416F1 /* Base */,
			);
			name = Main.storyboard;
			sourceTree = "<group>";
		};
/* End PBXVariantGroup section */

/* Begin XCBuildConfiguration section */
		F341EC0E1C5B119800B416F1 /* Debug */ = {
			isa = XCBuildConfiguration;
			buildSettings = {
				ALWAYS_SEARCH_USER_PATHS = NO;
				CLANG_CXX_LANGUAGE_STANDARD = "gnu++0x";
				CLANG_CXX_LIBRARY = "libc++";
				CLANG_ENABLE_MODULES = YES;
				CLANG_ENABLE_OBJC_ARC = YES;
				CLANG_WARN_BOOL_CONVERSION = YES;
				CLANG_WARN_CONSTANT_CONVERSION = YES;
				CLANG_WARN_DIRECT_OBJC_ISA_USAGE = YES_ERROR;
				CLANG_WARN_EMPTY_BODY = YES;
				CLANG_WARN_ENUM_CONVERSION = YES;
				CLANG_WARN_INT_CONVERSION = YES;
				CLANG_WARN_OBJC_ROOT_CLASS = YES_ERROR;
				CLANG_WARN_UNREACHABLE_CODE = YES;
				CLANG_WARN__DUPLICATE_METHOD_MATCH = YES;
				COPY_PHASE_STRIP = NO;
				DEBUG_INFORMATION_FORMAT = "dwarf-with-dsym";
				ENABLE_STRICT_OBJC_MSGSEND = YES;
				ENABLE_TESTABILITY = YES;
				GCC_C_LANGUAGE_STANDARD = gnu99;
				GCC_DYNAMIC_NO_PIC = NO;
				GCC_NO_COMMON_BLOCKS = YES;
				GCC_OPTIMIZATION_LEVEL = 0;
				GCC_PREPROCESSOR_DEFINITIONS = (
					"DEBUG=1",
					"$(inherited)",
				);
				GCC_WARN_64_TO_32_BIT_CONVERSION = YES;
				GCC_WARN_ABOUT_RETURN_TYPE = YES_ERROR;
				GCC_WARN_UNDECLARED_SELECTOR = YES;
				GCC_WARN_UNINITIALIZED_AUTOS = YES_AGGRESSIVE;
				GCC_WARN_UNUSED_FUNCTION = YES;
				GCC_WARN_UNUSED_VARIABLE = YES;
				MTL_ENABLE_DEBUG_INFO = YES;
				ONLY_ACTIVE_ARCH = YES;
				SDKROOT = appletvos;
				SWIFT_OPTIMIZATION_LEVEL = "-Onone";
				TARGETED_DEVICE_FAMILY = 3;
				TVOS_DEPLOYMENT_TARGET = 9.1;
			};
			name = Debug;
		};
		F341EC0F1C5B119800B416F1 /* Release */ = {
			isa = XCBuildConfiguration;
			buildSettings = {
				ALWAYS_SEARCH_USER_PATHS = NO;
				CLANG_CXX_LANGUAGE_STANDARD = "gnu++0x";
				CLANG_CXX_LIBRARY = "libc++";
				CLANG_ENABLE_MODULES = YES;
				CLANG_ENABLE_OBJC_ARC = YES;
				CLANG_WARN_BOOL_CONVERSION = YES;
				CLANG_WARN_CONSTANT_CONVERSION = YES;
				CLANG_WARN_DIRECT_OBJC_ISA_USAGE = YES_ERROR;
				CLANG_WARN_EMPTY_BODY = YES;
				CLANG_WARN_ENUM_CONVERSION = YES;
				CLANG_WARN_INT_CONVERSION = YES;
				CLANG_WARN_OBJC_ROOT_CLASS = YES_ERROR;
				CLANG_WARN_UNREACHABLE_CODE = YES;
				CLANG_WARN__DUPLICATE_METHOD_MATCH = YES;
				COPY_PHASE_STRIP = NO;
				DEBUG_INFORMATION_FORMAT = "dwarf-with-dsym";
				ENABLE_NS_ASSERTIONS = NO;
				ENABLE_STRICT_OBJC_MSGSEND = YES;
				GCC_C_LANGUAGE_STANDARD = gnu99;
				GCC_NO_COMMON_BLOCKS = YES;
				GCC_WARN_64_TO_32_BIT_CONVERSION = YES;
				GCC_WARN_ABOUT_RETURN_TYPE = YES_ERROR;
				GCC_WARN_UNDECLARED_SELECTOR = YES;
				GCC_WARN_UNINITIALIZED_AUTOS = YES_AGGRESSIVE;
				GCC_WARN_UNUSED_FUNCTION = YES;
				GCC_WARN_UNUSED_VARIABLE = YES;
				MTL_ENABLE_DEBUG_INFO = NO;
				SDKROOT = appletvos;
				TARGETED_DEVICE_FAMILY = 3;
				TVOS_DEPLOYMENT_TARGET = 9.1;
				VALIDATE_PRODUCT = YES;
			};
			name = Release;
		};
		F341EC111C5B119800B416F1 /* Debug */ = {
			isa = XCBuildConfiguration;
			buildSettings = {
				ASSETCATALOG_COMPILER_APPICON_NAME = "App Icon & Top Shelf Image";
				ASSETCATALOG_COMPILER_LAUNCHIMAGE_NAME = LaunchImage;
				CLANG_ENABLE_MODULES = YES;
				CODE_SIGN_IDENTITY = "iPhone Developer";
				"CODE_SIGN_IDENTITY[sdk=appletvos*]" = "iPhone Developer";
				INFOPLIST_FILE = "tv-app/Info.plist";
				LD_RUNPATH_SEARCH_PATHS = "$(inherited) @executable_path/Frameworks";
				PRODUCT_BUNDLE_IDENTIFIER = "com.rds.tv-app";
				PRODUCT_NAME = "$(TARGET_NAME)";
				PROVISIONING_PROFILE = "";
				SWIFT_OBJC_BRIDGING_HEADER = "tv-app/tv-app-Bridging-Header.h";
				SWIFT_OPTIMIZATION_LEVEL = "-Onone";
				TVOS_DEPLOYMENT_TARGET = 9.0;
			};
			name = Debug;
		};
		F341EC121C5B119800B416F1 /* Release */ = {
			isa = XCBuildConfiguration;
			buildSettings = {
				ASSETCATALOG_COMPILER_APPICON_NAME = "App Icon & Top Shelf Image";
				ASSETCATALOG_COMPILER_LAUNCHIMAGE_NAME = LaunchImage;
				CLANG_ENABLE_MODULES = YES;
				CODE_SIGN_IDENTITY = "iPhone Developer";
				"CODE_SIGN_IDENTITY[sdk=appletvos*]" = "iPhone Developer";
				INFOPLIST_FILE = "tv-app/Info.plist";
				LD_RUNPATH_SEARCH_PATHS = "$(inherited) @executable_path/Frameworks";
				PRODUCT_BUNDLE_IDENTIFIER = "com.rds.tv-app";
				PRODUCT_NAME = "$(TARGET_NAME)";
				PROVISIONING_PROFILE = "";
				SWIFT_OBJC_BRIDGING_HEADER = "tv-app/tv-app-Bridging-Header.h";
				TVOS_DEPLOYMENT_TARGET = 9.0;
			};
			name = Release;
		};
/* End XCBuildConfiguration section */

/* Begin XCConfigurationList section */
		F341EBF61C5B119800B416F1 /* Build configuration list for PBXProject "tv-app" */ = {
			isa = XCConfigurationList;
			buildConfigurations = (
				F341EC0E1C5B119800B416F1 /* Debug */,
				F341EC0F1C5B119800B416F1 /* Release */,
			);
			defaultConfigurationIsVisible = 0;
			defaultConfigurationName = Release;
		};
		F341EC101C5B119800B416F1 /* Build configuration list for PBXNativeTarget "tv-app" */ = {
			isa = XCConfigurationList;
			buildConfigurations = (
				F341EC111C5B119800B416F1 /* Debug */,
				F341EC121C5B119800B416F1 /* Release */,
			);
			defaultConfigurationIsVisible = 0;
			defaultConfigurationName = Release;
		};
/* End XCConfigurationList section */
	};
	rootObject = F341EBF31C5B119800B416F1 /* Project object */;
}
